
Microsoft Visual Studio Solution File, Format Version 12.00
# Visual Studio Version 17
VisualStudioVersion = 17.3.32825.248
MinimumVisualStudioVersion = 10.0.40219.1
Project("{FAE04EC0-301F-11D3-BF4B-00C04F79EFBC}") = "NeptunOrganiser", "NeptunOrganiser\NeptunOrganiser.csproj", "{7632DDC4-FEED-469F-B214-7B52B3D757DE}"
EndProject
Global
	GlobalSection(SolutionConfigurationPlatforms) = preSolution
		Debug|Any CPU = Debug|Any CPU
		Release|Any CPU = Release|Any CPU
	EndGlobalSection
	GlobalSection(ProjectConfigurationPlatforms) = postSolution
		{7632DDC4-FEED-469F-B214-7B52B3D757DE}.Debug|Any CPU.ActiveCfg = Debug|Any CPU
		{7632DDC4-FEED-469F-B214-7B52B3D757DE}.Debug|Any CPU.Build.0 = Debug|Any CPU
		{7632DDC4-FEED-469F-B214-7B52B3D757DE}.Release|Any CPU.ActiveCfg = Release|Any CPU
		{7632DDC4-FEED-469F-B214-7B52B3D757DE}.Release|Any CPU.Build.0 = Release|Any CPU
	EndGlobalSection
	GlobalSection(SolutionProperties) = preSolution
		HideSolutionNode = FALSE
	EndGlobalSection
	GlobalSection(ExtensibilityGlobals) = postSolution
		SolutionGuid = {9B8A1614-57B8-494D-A187-7864D07E7633}
	EndGlobalSection
EndGlobal
